symfony 5676a91b8dff8b029b15dd9b82a955005d5ddd4c
twig 4478816e41d30de147e6dfb684af005e3050234a
monolog b704c49a3051536f67f2d39f13568f74615b9922
doctrine-common fc26d10d97dc773923a8d561e9301c3c73b9cc70
doctrine-dbal 7a9567944b66a3fa18a022f4925649882cdf95ce
doctrine 19a4d05035aa1df4e56e95564ccedd6fe13a792e
swiftmailer daaff2b8515390fbb10882647311f476b89a67e6
assetic f829ad23d23c87480151a21faad49fefe7c09e5d
twig-extensions 1dfff8e793f50f651c4f74f796c2c68a4aee3147
metadata 30c622cad82e39a6856b981a9bfb9df06b3cc067
SensioFrameworkExtraBundle 1b0ca00361050760f14f70be6f3a31f125211f3d
JMSAopBundle 431569cae2005e42fe502a55165a7b1fb9593bf3
cg-library 13714f7ba832080e11f65c077c495439d68b62d1
JMSSecurityExtraBundle 541a4c242328dc04b99540c75346cc74a7c0cfb5
SensioDistributionBundle f00c99854ff161b006a200d8dffa0013981d5373
SensioGeneratorBundle fe924497677ea41d0d09f0c011e55142bda12cd7
AsseticBundle 41b5913b5086a0909af92adcb4a6005ee0051b16
UserBundle 39ace1e1ce6eaecacd27830c9b040129da5e32b7
migrations 9e81984b0f126b0830d9ac6acc2d1da81aba2b94
DoctrineBundle 93be072b43f64f88dc946705610dc8d3b9eed833
DoctrineMigrationsBundle 9690dfba714fa82f3979fb5fa18750a37ab16e1c
php-parser 584f6b0ab33a2dbd64768031eab737a25a5e007c